
Microsoft Visual Studio Solution File, Format Version 12.00
# Visual Studio 15
Project("{FAE04EC0-301F-11D3-BF4B-00C04F79EFBC}") = "SimpleWebTransport", "SimpleWebTransport.csproj", "{7D80720B-BCEE-A7F6-57D0-F034EF37F1B3}"
EndProject
Project("{FAE04EC0-301F-11D3-BF4B-00C04F79EFBC}") = "Mirror", "Mirror.csproj", "{6E5D927F-1E84-7A35-E079-252BD3F8F6A4}"
EndProject
Project("{FAE04EC0-301F-11D3-BF4B-00C04F79EFBC}") = "Telepathy", "Telepathy.csproj", "{B687BE1A-1955-6C52-72BA-E4FC1C14E90E}"
EndProject
Project("{FAE04EC0-301F-11D3-BF4B-00C04F79EFBC}") = "Mirror.Cloud", "Mirror.Cloud.csproj", "{C38D723E-92F1-3A35-B3DB-5A5833FFCF81}"
EndProject
Project("{FAE04EC0-301F-11D3-BF4B-00C04F79EFBC}") = "Mirror.Components", "Mirror.Components.csproj", "{08EF5609-4949-7E07-4B85-5BFB86BBF316}"
EndProject
Project("{FAE04EC0-301F-11D3-BF4B-00C04F79EFBC}") = "Mirror.Examples", "Mirror.Examples.csproj", "{AB051A6A-0BE0-9B5C-653A-2D49133D438D}"
EndProject
Project("{FAE04EC0-301F-11D3-BF4B-00C04F79EFBC}") = "Assembly-CSharp", "Assembly-CSharp.csproj", "{01D40107-A426-71B9-58D0-44ED4A617CD7}"
EndProject
Project("{FAE04EC0-301F-11D3-BF4B-00C04F79EFBC}") = "Mirror.Examples.Cloud.GUI", "Mirror.Examples.Cloud.GUI.csproj", "{97295BC1-641E-3A53-0A60-ADB7F15B68A2}"
EndProject
Project("{FAE04EC0-301F-11D3-BF4B-00C04F79EFBC}") = "kcp2k", "kcp2k.csproj", "{E0365310-50EA-F0C1-EB8D-5240F868132C}"
EndProject
Project("{FAE04EC0-301F-11D3-BF4B-00C04F79EFBC}") = "Mirror.Examples.Cloud.Pong", "Mirror.Examples.Cloud.Pong.csproj", "{07C10E3B-1D2A-B732-96E4-AE0857D97C39}"
EndProject
Project("{FAE04EC0-301F-11D3-BF4B-00C04F79EFBC}") = "Mirror.Authenticators", "Mirror.Authenticators.csproj", "{EECC4C28-DE43-C11F-2854-107E3560BABC}"
EndProject
Project("{FAE04EC0-301F-11D3-BF4B-00C04F79EFBC}") = "Mirror.Weaver", "Mirror.Weaver.csproj", "{E9421505-DBCE-5E5B-2C54-75700B94C712}"
EndProject
Project("{FAE04EC0-301F-11D3-BF4B-00C04F79EFBC}") = "Mirror.Editor", "Mirror.Editor.csproj", "{9F19D92E-741D-4DB1-055C-223BD208E71D}"
EndProject
Project("{FAE04EC0-301F-11D3-BF4B-00C04F79EFBC}") = "Assembly-CSharp-Editor-firstpass", "Assembly-CSharp-Editor-firstpass.csproj", "{0B3B21AD-A0EA-13E3-0515-3F4B73DA69BA}"
EndProject
Project("{FAE04EC0-301F-11D3-BF4B-00C04F79EFBC}") = "Mirror.CompilerSymbols", "Mirror.CompilerSymbols.csproj", "{85A26181-DCF4-96A7-DD29-4D3B01D5FE98}"
EndProject
Global
	GlobalSection(SolutionConfigurationPlatforms) = preSolution
		Debug|Any CPU = Debug|Any CPU
		Release|Any CPU = Release|Any CPU
	EndGlobalSection
	GlobalSection(ProjectConfigurationPlatforms) = postSolution
		{7D80720B-BCEE-A7F6-57D0-F034EF37F1B3}.Debug|Any CPU.ActiveCfg = Debug|Any CPU
		{7D80720B-BCEE-A7F6-57D0-F034EF37F1B3}.Debug|Any CPU.Build.0 = Debug|Any CPU
		{7D80720B-BCEE-A7F6-57D0-F034EF37F1B3}.Release|Any CPU.ActiveCfg = Release|Any CPU
		{7D80720B-BCEE-A7F6-57D0-F034EF37F1B3}.Release|Any CPU.Build.0 = Release|Any CPU
		{6E5D927F-1E84-7A35-E079-252BD3F8F6A4}.Debug|Any CPU.ActiveCfg = Debug|Any CPU
		{6E5D927F-1E84-7A35-E079-252BD3F8F6A4}.Debug|Any CPU.Build.0 = Debug|Any CPU
		{6E5D927F-1E84-7A35-E079-252BD3F8F6A4}.Release|Any CPU.ActiveCfg = Release|Any CPU
		{6E5D927F-1E84-7A35-E079-252BD3F8F6A4}.Release|Any CPU.Build.0 = Release|Any CPU
		{B687BE1A-1955-6C52-72BA-E4FC1C14E90E}.Debug|Any CPU.ActiveCfg = Debug|Any CPU
		{B687BE1A-1955-6C52-72BA-E4FC1C14E90E}.Debug|Any CPU.Build.0 = Debug|Any CPU
		{B687BE1A-1955-6C52-72BA-E4FC1C14E90E}.Release|Any CPU.ActiveCfg = Release|Any CPU
		{B687BE1A-1955-6C52-72BA-E4FC1C14E90E}.Release|Any CPU.Build.0 = Release|Any CPU
		{C38D723E-92F1-3A35-B3DB-5A5833FFCF81}.Debug|Any CPU.ActiveCfg = Debug|Any CPU
		{C38D723E-92F1-3A35-B3DB-5A5833FFCF81}.Debug|Any CPU.Build.0 = Debug|Any CPU
		{C38D723E-92F1-3A35-B3DB-5A5833FFCF81}.Release|Any CPU.ActiveCfg = Release|Any CPU
		{C38D723E-92F1-3A35-B3DB-5A5833FFCF81}.Release|Any CPU.Build.0 = Release|Any CPU
		{08EF5609-4949-7E07-4B85-5BFB86BBF316}.Debug|Any CPU.ActiveCfg = Debug|Any CPU
		{08EF5609-4949-7E07-4B85-5BFB86BBF316}.Debug|Any CPU.Build.0 = Debug|Any CPU
		{08EF5609-4949-7E07-4B85-5BFB86BBF316}.Release|Any CPU.ActiveCfg = Release|Any CPU
		{08EF5609-4949-7E07-4B85-5BFB86BBF316}.Release|Any CPU.Build.0 = Release|Any CPU
		{AB051A6A-0BE0-9B5C-653A-2D49133D438D}.Debug|Any CPU.ActiveCfg = Debug|Any CPU
		{AB051A6A-0BE0-9B5C-653A-2D49133D438D}.Debug|Any CPU.Build.0 = Debug|Any CPU
		{AB051A6A-0BE0-9B5C-653A-2D49133D438D}.Release|Any CPU.ActiveCfg = Release|Any CPU
		{AB051A6A-0BE0-9B5C-653A-2D49133D438D}.Release|Any CPU.Build.0 = Release|Any CPU
		{01D40107-A426-71B9-58D0-44ED4A617CD7}.Debug|Any CPU.ActiveCfg = Debug|Any CPU
		{01D40107-A426-71B9-58D0-44ED4A617CD7}.Debug|Any CPU.Build.0 = Debug|Any CPU
		{01D40107-A426-71B9-58D0-44ED4A617CD7}.Release|Any CPU.ActiveCfg = Release|Any CPU
		{01D40107-A426-71B9-58D0-44ED4A617CD7}.Release|Any CPU.Build.0 = Release|Any CPU
		{97295BC1-641E-3A53-0A60-ADB7F15B68A2}.Debug|Any CPU.ActiveCfg = Debug|Any CPU
		{97295BC1-641E-3A53-0A60-ADB7F15B68A2}.Debug|Any CPU.Build.0 = Debug|Any CPU
		{97295BC1-641E-3A53-0A60-ADB7F15B68A2}.Release|Any CPU.ActiveCfg = Release|Any CPU
		{97295BC1-641E-3A53-0A60-ADB7F15B68A2}.Release|Any CPU.Build.0 = Release|Any CPU
		{E0365310-50EA-F0C1-EB8D-5240F868132C}.Debug|Any CPU.ActiveCfg = Debug|Any CPU
		{E0365310-50EA-F0C1-EB8D-5240F868132C}.Debug|Any CPU.Build.0 = Debug|Any CPU
		{E0365310-50EA-F0C1-EB8D-5240F868132C}.Release|Any CPU.ActiveCfg = Release|Any CPU
		{E0365310-50EA-F0C1-EB8D-5240F868132C}.Release|Any CPU.Build.0 = Release|Any CPU
		{07C10E3B-1D2A-B732-96E4-AE0857D97C39}.Debug|Any CPU.ActiveCfg = Debug|Any CPU
		{07C10E3B-1D2A-B732-96E4-AE0857D97C39}.Debug|Any CPU.Build.0 = Debug|Any CPU
		{07C10E3B-1D2A-B732-96E4-AE0857D97C39}.Release|Any CPU.ActiveCfg = Release|Any CPU
		{07C10E3B-1D2A-B732-96E4-AE0857D97C39}.Release|Any CPU.Build.0 = Release|Any CPU
		{EECC4C28-DE43-C11F-2854-107E3560BABC}.Debug|Any CPU.ActiveCfg = Debug|Any CPU
		{EECC4C28-DE43-C11F-2854-107E3560BABC}.Debug|Any CPU.Build.0 = Debug|Any CPU
		{EECC4C28-DE43-C11F-2854-107E3560BABC}.Release|Any CPU.ActiveCfg = Release|Any CPU
		{EECC4C28-DE43-C11F-2854-107E3560BABC}.Release|Any CPU.Build.0 = Release|Any CPU
		{E9421505-DBCE-5E5B-2C54-75700B94C712}.Debug|Any CPU.ActiveCfg = Debug|Any CPU
		{E9421505-DBCE-5E5B-2C54-75700B94C712}.Debug|Any CPU.Build.0 = Debug|Any CPU
		{E9421505-DBCE-5E5B-2C54-75700B94C712}.Release|Any CPU.ActiveCfg = Release|Any CPU
		{E9421505-DBCE-5E5B-2C54-75700B94C712}.Release|Any CPU.Build.0 = Release|Any CPU
		{9F19D92E-741D-4DB1-055C-223BD208E71D}.Debug|Any CPU.ActiveCfg = Debug|Any CPU
		{9F19D92E-741D-4DB1-055C-223BD208E71D}.Debug|Any CPU.Build.0 = Debug|Any CPU
		{9F19D92E-741D-4DB1-055C-223BD208E71D}.Release|Any CPU.ActiveCfg = Release|Any CPU
		{9F19D92E-741D-4DB1-055C-223BD208E71D}.Release|Any CPU.Build.0 = Release|Any CPU
		{0B3B21AD-A0EA-13E3-0515-3F4B73DA69BA}.Debug|Any CPU.ActiveCfg = Debug|Any CPU
		{0B3B21AD-A0EA-13E3-0515-3F4B73DA69BA}.Debug|Any CPU.Build.0 = Debug|Any CPU
		{0B3B21AD-A0EA-13E3-0515-3F4B73DA69BA}.Release|Any CPU.ActiveCfg = Release|Any CPU
		{0B3B21AD-A0EA-13E3-0515-3F4B73DA69BA}.Release|Any CPU.Build.0 = Release|Any CPU
		{85A26181-DCF4-96A7-DD29-4D3B01D5FE98}.Debug|Any CPU.ActiveCfg = Debug|Any CPU
		{85A26181-DCF4-96A7-DD29-4D3B01D5FE98}.Debug|Any CPU.Build.0 = Debug|Any CPU
		{85A26181-DCF4-96A7-DD29-4D3B01D5FE98}.Release|Any CPU.ActiveCfg = Release|Any CPU
		{85A26181-DCF4-96A7-DD29-4D3B01D5FE98}.Release|Any CPU.Build.0 = Release|Any CPU
	EndGlobalSection
	GlobalSection(SolutionProperties) = preSolution
		HideSolutionNode = FALSE
	EndGlobalSection
EndGlobal
